
Microsoft Visual Studio Solution File, Format Version 12.00
# Visual Studio Version 17
VisualStudioVersion = 17.9.34701.34
MinimumVisualStudioVersion = 10.0.40219.1
Project("{FAE04EC0-301F-11D3-BF4B-00C04F79EFBC}") = "Elmurod.ToDoList", "Elmurod.ToDoList.csproj", "{EC128985-25F8-4CAF-A52C-28E7A6766B9D}"
EndProject
Global
	GlobalSection(SolutionConfigurationPlatforms) = preSolution
		Debug|Any CPU = Debug|Any CPU
		Release|Any CPU = Release|Any CPU
	EndGlobalSection
	GlobalSection(ProjectConfigurationPlatforms) = postSolution
		{EC128985-25F8-4CAF-A52C-28E7A6766B9D}.Debug|Any CPU.ActiveCfg = Debug|Any CPU
		{EC128985-25F8-4CAF-A52C-28E7A6766B9D}.Debug|Any CPU.Build.0 = Debug|Any CPU
		{EC128985-25F8-4CAF-A52C-28E7A6766B9D}.Release|Any CPU.ActiveCfg = Release|Any CPU
		{EC128985-25F8-4CAF-A52C-28E7A6766B9D}.Release|Any CPU.Build.0 = Release|Any CPU
	EndGlobalSection
	GlobalSection(SolutionProperties) = preSolution
		HideSolutionNode = FALSE
	EndGlobalSection
	GlobalSection(ExtensibilityGlobals) = postSolution
		SolutionGuid = {B3C1C79A-67DA-4990-8ED4-ADD30221283C}
	EndGlobalSection
EndGlobal
